
Microsoft Visual Studio Solution File, Format Version 12.00
# Visual Studio Version 18
VisualStudioVersion = 18.1.11312.151 d18.0
MinimumVisualStudioVersion = 10.0.40219.1
Project("{FAE04EC0-301F-11D3-BF4B-00C04F79EFBC}") = "VTracerMaui", "VTracerMaui.csproj", "{ADECE88B-9BD6-4EB5-1903-39E67FF800E0}"
EndProject
Global
	GlobalSection(SolutionConfigurationPlatforms) = preSolution
		Debug|Any CPU = Debug|Any CPU
		Release|Any CPU = Release|Any CPU
	EndGlobalSection
	GlobalSection(ProjectConfigurationPlatforms) = postSolution
		{ADECE88B-9BD6-4EB5-1903-39E67FF800E0}.Debug|Any CPU.ActiveCfg = Debug|Any CPU
		{ADECE88B-9BD6-4EB5-1903-39E67FF800E0}.Debug|Any CPU.Build.0 = Debug|Any CPU
		{ADECE88B-9BD6-4EB5-1903-39E67FF800E0}.Release|Any CPU.ActiveCfg = Release|Any CPU
		{ADECE88B-9BD6-4EB5-1903-39E67FF800E0}.Release|Any CPU.Build.0 = Release|Any CPU
	EndGlobalSection
	GlobalSection(SolutionProperties) = preSolution
		HideSolutionNode = FALSE
	EndGlobalSection
	GlobalSection(ExtensibilityGlobals) = postSolution
		SolutionGuid = {FEA33509-87C4-4845-B1FB-D7643453BBCF}
	EndGlobalSection
EndGlobal
